
Microsoft Visual Studio Solution File, Format Version 12.00
# Visual Studio Version 16
VisualStudioVersion = 16.0.29613.14
MinimumVisualStudioVersion = 10.0.40219.1
Project("{FAE04EC0-301F-11D3-BF4B-00C04F79EFBC}") = "Defect_Tracker_Tool", "Defect_Tracker_Tool\Defect_Tracker_Tool.csproj", "{1FCF5D62-ABC7-4F15-9FAD-3FBB6BB991BE}"
EndProject
Global
	GlobalSection(SolutionConfigurationPlatforms) = preSolution
		Debug|Any CPU = Debug|Any CPU
		Release|Any CPU = Release|Any CPU
	EndGlobalSection
	GlobalSection(ProjectConfigurationPlatforms) = postSolution
		{1FCF5D62-ABC7-4F15-9FAD-3FBB6BB991BE}.Debug|Any CPU.ActiveCfg = Debug|Any CPU
		{1FCF5D62-ABC7-4F15-9FAD-3FBB6BB991BE}.Debug|Any CPU.Build.0 = Debug|Any CPU
		{1FCF5D62-ABC7-4F15-9FAD-3FBB6BB991BE}.Release|Any CPU.ActiveCfg = Release|Any CPU
		{1FCF5D62-ABC7-4F15-9FAD-3FBB6BB991BE}.Release|Any CPU.Build.0 = Release|Any CPU
	EndGlobalSection
	GlobalSection(SolutionProperties) = preSolution
		HideSolutionNode = FALSE
	EndGlobalSection
	GlobalSection(ExtensibilityGlobals) = postSolution
		SolutionGuid = {E86983A3-14D4-407F-880E-051532FEE850}
	EndGlobalSection
EndGlobal
